{
  "name": "client",
  "lockfileVersion": 3,
  "requires": true,
  "packages": {
    "": {
      "dependencies": {
        "@peasy-lib/peasy-ui": "^0.9.21"
      }
    },
    "node_modules/@peasy-lib/peasy-ui": {
      "version": "0.9.21",
      "resolved": "https://registry.npmjs.org/@peasy-lib/peasy-ui/-/peasy-ui-0.9.21.tgz",
      "integrity": "sha512-XyoJcFr7zhRPyY1TkkWHIhaqfLOPRhp4FYEj/SwCTFz+hzojDDpcpflQndfZPNPVIyrrNBjvXlq6nSM9OjNARA==",
      "engines": {
        "node": ">=14.17.0"
      }
    }
  }
}
